
Microsoft Visual Studio Solution File, Format Version 12.00
# Visual Studio Version 17
VisualStudioVersion = 17.0.31903.59
MinimumVisualStudioVersion = 10.0.40219.1
Project("{FAE04EC0-301F-11D3-BF4B-00C04F79EFBC}") = "PhoneNumberLib", "PhoneNumberLib\PhoneNumberLib.csproj", "{DC15881B-A31C-4E5F-91A0-8D90D263B46D}"
EndProject
Project("{FAE04EC0-301F-11D3-BF4B-00C04F79EFBC}") = "PhoneNumberTests", "PhoneNumberTests\PhoneNumberTests.csproj", "{D59F80B5-91F8-4BA1-8501-C1EF37C509D3}"
EndProject
Global
	GlobalSection(SolutionConfigurationPlatforms) = preSolution
		Debug|Any CPU = Debug|Any CPU
		Debug|x64 = Debug|x64
		Debug|x86 = Debug|x86
		Release|Any CPU = Release|Any CPU
		Release|x64 = Release|x64
		Release|x86 = Release|x86
	EndGlobalSection
	GlobalSection(ProjectConfigurationPlatforms) = postSolution
		{DC15881B-A31C-4E5F-91A0-8D90D263B46D}.Debug|Any CPU.ActiveCfg = Debug|Any CPU
		{DC15881B-A31C-4E5F-91A0-8D90D263B46D}.Debug|Any CPU.Build.0 = Debug|Any CPU
		{DC15881B-A31C-4E5F-91A0-8D90D263B46D}.Debug|x64.ActiveCfg = Debug|Any CPU
		{DC15881B-A31C-4E5F-91A0-8D90D263B46D}.Debug|x64.Build.0 = Debug|Any CPU
		{DC15881B-A31C-4E5F-91A0-8D90D263B46D}.Debug|x86.ActiveCfg = Debug|Any CPU
		{DC15881B-A31C-4E5F-91A0-8D90D263B46D}.Debug|x86.Build.0 = Debug|Any CPU
		{DC15881B-A31C-4E5F-91A0-8D90D263B46D}.Release|Any CPU.ActiveCfg = Release|Any CPU
		{DC15881B-A31C-4E5F-91A0-8D90D263B46D}.Release|Any CPU.Build.0 = Release|Any CPU
		{DC15881B-A31C-4E5F-91A0-8D90D263B46D}.Release|x64.ActiveCfg = Release|Any CPU
		{DC15881B-A31C-4E5F-91A0-8D90D263B46D}.Release|x64.Build.0 = Release|Any CPU
		{DC15881B-A31C-4E5F-91A0-8D90D263B46D}.Release|x86.ActiveCfg = Release|Any CPU
		{DC15881B-A31C-4E5F-91A0-8D90D263B46D}.Release|x86.Build.0 = Release|Any CPU
		{D59F80B5-91F8-4BA1-8501-C1EF37C509D3}.Debug|Any CPU.ActiveCfg = Debug|Any CPU
		{D59F80B5-91F8-4BA1-8501-C1EF37C509D3}.Debug|Any CPU.Build.0 = Debug|Any CPU
		{D59F80B5-91F8-4BA1-8501-C1EF37C509D3}.Debug|x64.ActiveCfg = Debug|Any CPU
		{D59F80B5-91F8-4BA1-8501-C1EF37C509D3}.Debug|x64.Build.0 = Debug|Any CPU
		{D59F80B5-91F8-4BA1-8501-C1EF37C509D3}.Debug|x86.ActiveCfg = Debug|Any CPU
		{D59F80B5-91F8-4BA1-8501-C1EF37C509D3}.Debug|x86.Build.0 = Debug|Any CPU
		{D59F80B5-91F8-4BA1-8501-C1EF37C509D3}.Release|Any CPU.ActiveCfg = Release|Any CPU
		{D59F80B5-91F8-4BA1-8501-C1EF37C509D3}.Release|Any CPU.Build.0 = Release|Any CPU
		{D59F80B5-91F8-4BA1-8501-C1EF37C509D3}.Release|x64.ActiveCfg = Release|Any CPU
		{D59F80B5-91F8-4BA1-8501-C1EF37C509D3}.Release|x64.Build.0 = Release|Any CPU
		{D59F80B5-91F8-4BA1-8501-C1EF37C509D3}.Release|x86.ActiveCfg = Release|Any CPU
		{D59F80B5-91F8-4BA1-8501-C1EF37C509D3}.Release|x86.Build.0 = Release|Any CPU
	EndGlobalSection
	GlobalSection(SolutionProperties) = preSolution
		HideSolutionNode = FALSE
	EndGlobalSection
EndGlobal
